
Microsoft Visual Studio Solution File, Format Version 12.00
# Visual Studio 15
VisualStudioVersion = 15.0.28010.2026
MinimumVisualStudioVersion = 10.0.40219.1
Project("{FAE04EC0-301F-11D3-BF4B-00C04F79EFBC}") = "BSServer", "BSServer\BSServer.csproj", "{AD399540-595B-4836-8DFA-275BEAEC9270}"
EndProject
Project("{FAE04EC0-301F-11D3-BF4B-00C04F79EFBC}") = "BSClient", "BSClient\BSClient.csproj", "{55A00E7C-4FA8-488D-8B6F-2D13179BB44B}"
EndProject
Global
	GlobalSection(SolutionConfigurationPlatforms) = preSolution
		Debug|Any CPU = Debug|Any CPU
		Release|Any CPU = Release|Any CPU
	EndGlobalSection
	GlobalSection(ProjectConfigurationPlatforms) = postSolution
		{AD399540-595B-4836-8DFA-275BEAEC9270}.Debug|Any CPU.ActiveCfg = Debug|Any CPU
		{AD399540-595B-4836-8DFA-275BEAEC9270}.Debug|Any CPU.Build.0 = Debug|Any CPU
		{AD399540-595B-4836-8DFA-275BEAEC9270}.Release|Any CPU.ActiveCfg = Release|Any CPU
		{AD399540-595B-4836-8DFA-275BEAEC9270}.Release|Any CPU.Build.0 = Release|Any CPU
		{55A00E7C-4FA8-488D-8B6F-2D13179BB44B}.Debug|Any CPU.ActiveCfg = Debug|Any CPU
		{55A00E7C-4FA8-488D-8B6F-2D13179BB44B}.Debug|Any CPU.Build.0 = Debug|Any CPU
		{55A00E7C-4FA8-488D-8B6F-2D13179BB44B}.Release|Any CPU.ActiveCfg = Release|Any CPU
		{55A00E7C-4FA8-488D-8B6F-2D13179BB44B}.Release|Any CPU.Build.0 = Release|Any CPU
	EndGlobalSection
	GlobalSection(SolutionProperties) = preSolution
		HideSolutionNode = FALSE
	EndGlobalSection
	GlobalSection(ExtensibilityGlobals) = postSolution
		SolutionGuid = {7862E09C-BA8C-4B64-9DE9-35C8F5B10AE4}
	EndGlobalSection
EndGlobal
